
Microsoft Visual Studio Solution File, Format Version 12.00
# Visual Studio Version 16
VisualStudioVersion = 16.0.31321.278
MinimumVisualStudioVersion = 10.0.40219.1
Project("{8BC9CEB8-8B4A-11D0-8D11-00A0C91BC942}") = "ReadWriteTxtFiles", "ReadWriteTxtFiles\ReadWriteTxtFiles.vcxproj", "{D9463D0E-82E7-43CE-B809-EC2B26455D00}"
EndProject
Global
	GlobalSection(SolutionConfigurationPlatforms) = preSolution
		Debug|x64 = Debug|x64
		Debug|x86 = Debug|x86
		Release|x64 = Release|x64
		Release|x86 = Release|x86
	EndGlobalSection
	GlobalSection(ProjectConfigurationPlatforms) = postSolution
		{D9463D0E-82E7-43CE-B809-EC2B26455D00}.Debug|x64.ActiveCfg = Debug|x64
		{D9463D0E-82E7-43CE-B809-EC2B26455D00}.Debug|x64.Build.0 = Debug|x64
		{D9463D0E-82E7-43CE-B809-EC2B26455D00}.Debug|x86.ActiveCfg = Debug|Win32
		{D9463D0E-82E7-43CE-B809-EC2B26455D00}.Debug|x86.Build.0 = Debug|Win32
		{D9463D0E-82E7-43CE-B809-EC2B26455D00}.Release|x64.ActiveCfg = Release|x64
		{D9463D0E-82E7-43CE-B809-EC2B26455D00}.Release|x64.Build.0 = Release|x64
		{D9463D0E-82E7-43CE-B809-EC2B26455D00}.Release|x86.ActiveCfg = Release|Win32
		{D9463D0E-82E7-43CE-B809-EC2B26455D00}.Release|x86.Build.0 = Release|Win32
	EndGlobalSection
	GlobalSection(SolutionProperties) = preSolution
		HideSolutionNode = FALSE
	EndGlobalSection
	GlobalSection(ExtensibilityGlobals) = postSolution
		SolutionGuid = {54F54E45-5A89-4494-BC1A-6A6F634FD40A}
	EndGlobalSection
EndGlobal
